// !$*UTF8*$!
{
	archiveVersion = 1;
	classes = {
	};
	objectVersion = 51;
	objects = {

/* Begin PBXBuildFile section */
		697460BA7A9D9F9E631D4F28 /* Pods_SacredPlace.framework in Frameworks */ = {isa = PBXBuildFile; fileRef = 2F10DAA8A18C69F6B871DB60 /* Pods_SacredPlace.framework */; };
		C10E4EE32484DB4C00C10AE5 /* SpotsList.storyboard in Resources */ = {isa = PBXBuildFile; fileRef = C10E4EE22484DB4C00C10AE5 /* SpotsList.storyboard */; };
		C10E4EEB2484E47A00C10AE5 /* PostData.swift in Sources */ = {isa = PBXBuildFile; fileRef = C10E4EEA2484E47A00C10AE5 /* PostData.swift */; };
		C10E4EEE248519F400C10AE5 /* SpotsListTableViewCell.swift in Sources */ = {isa = PBXBuildFile; fileRef = C10E4EEC248519F400C10AE5 /* SpotsListTableViewCell.swift */; };
		C10E4EEF248519F400C10AE5 /* SpotsListTableViewCell.xib in Resources */ = {isa = PBXBuildFile; fileRef = C10E4EED248519F400C10AE5 /* SpotsListTableViewCell.xib */; };
		C112D3592480887F00EACCE0 /* NewSpots.storyboard in Resources */ = {isa = PBXBuildFile; fileRef = C112D3582480887F00EACCE0 /* NewSpots.storyboard */; };
		C112D35B2480902800EACCE0 /* Setting.storyboard in Resources */ = {isa = PBXBuildFile; fileRef = C112D35A2480902800EACCE0 /* Setting.storyboard */; };
		C112D35D24809A4C00EACCE0 /* SelectPhoto.storyboard in Resources */ = {isa = PBXBuildFile; fileRef = C112D35C24809A4C00EACCE0 /* SelectPhoto.storyboard */; };
		C112D35F24809A5A00EACCE0 /* SelectPhotoViewController.swift in Sources */ = {isa = PBXBuildFile; fileRef = C112D35E24809A5A00EACCE0 /* SelectPhotoViewController.swift */; };
		C112D3672480A62B00EACCE0 /* Const.swift in Sources */ = {isa = PBXBuildFile; fileRef = C112D3662480A62B00EACCE0 /* Const.swift */; };
		C1626EF22486125200B1626E /* Photo.storyboard in Resources */ = {isa = PBXBuildFile; fileRef = C1626EF12486125200B1626E /* Photo.storyboard */; };
		C1626EF52486137900B1626E /* PhotoViewController.swift in Sources */ = {isa = PBXBuildFile; fileRef = C1626EF42486137900B1626E /* PhotoViewController.swift */; };
		C1641389247E49190080C54A /* AppDelegate.swift in Sources */ = {isa = PBXBuildFile; fileRef = C1641388247E49190080C54A /* AppDelegate.swift */; };
		C164138B247E49190080C54A /* SceneDelegate.swift in Sources */ = {isa = PBXBuildFile; fileRef = C164138A247E49190080C54A /* SceneDelegate.swift */; };
		C1641390247E49190080C54A /* Main.storyboard in Resources */ = {isa = PBXBuildFile; fileRef = C164138E247E49190080C54A /* Main.storyboard */; };
		C1641392247E491B0080C54A /* Assets.xcassets in Resources */ = {isa = PBXBuildFile; fileRef = C1641391247E491B0080C54A /* Assets.xcassets */; };
		C1641395247E491B0080C54A /* LaunchScreen.storyboard in Resources */ = {isa = PBXBuildFile; fileRef = C1641393247E491B0080C54A /* LaunchScreen.storyboard */; };
		C164139E247E611F0080C54A /* Home.storyboard in Resources */ = {isa = PBXBuildFile; fileRef = C164139D247E611F0080C54A /* Home.storyboard */; };
		C16413A0247E612F0080C54A /* Camera.storyboard in Resources */ = {isa = PBXBuildFile; fileRef = C164139F247E612F0080C54A /* Camera.storyboard */; };
		C16413A2247E61BA0080C54A /* TabBarController.swift in Sources */ = {isa = PBXBuildFile; fileRef = C16413A1247E61BA0080C54A /* TabBarController.swift */; };
		C16413A4247E63970080C54A /* CameraViewController.swift in Sources */ = {isa = PBXBuildFile; fileRef = C16413A3247E63970080C54A /* CameraViewController.swift */; };
		C16413A6247E63A60080C54A /* HomeViewController.swift in Sources */ = {isa = PBXBuildFile; fileRef = C16413A5247E63A60080C54A /* HomeViewController.swift */; };
		C16413AA247F3ADB0080C54A /* CreateAccountViewController.swift in Sources */ = {isa = PBXBuildFile; fileRef = C16413A9247F3ADB0080C54A /* CreateAccountViewController.swift */; };
		C16413AC247F3AE10080C54A /* SettingViewController.swift in Sources */ = {isa = PBXBuildFile; fileRef = C16413AB247F3AE10080C54A /* SettingViewController.swift */; };
		C16413AE247F3AF00080C54A /* NewSpotsViewController.swift in Sources */ = {isa = PBXBuildFile; fileRef = C16413AD247F3AF00080C54A /* NewSpotsViewController.swift */; };
		C16413B0247F3B290080C54A /* SpotListsViewController.swift in Sources */ = {isa = PBXBuildFile; fileRef = C16413AF247F3B290080C54A /* SpotListsViewController.swift */; };
		C16413B5247FA2D10080C54A /* GoogleService-Info.plist in Resources */ = {isa = PBXBuildFile; fileRef = C16413B4247FA2D10080C54A /* GoogleService-Info.plist */; };
		C16413B7247FD2690080C54A /* Login.storyboard in Resources */ = {isa = PBXBuildFile; fileRef = C16413B6247FD2690080C54A /* Login.storyboard */; };
		C16413B9247FD28A0080C54A /* CreateAccount.storyboard in Resources */ = {isa = PBXBuildFile; fileRef = C16413B8247FD28A0080C54A /* CreateAccount.storyboard */; };
		C16413BB248006860080C54A /* LoginViewController.swift in Sources */ = {isa = PBXBuildFile; fileRef = C16413BA248006850080C54A /* LoginViewController.swift */; };
/* End PBXBuildFile section */

/* Begin PBXFileReference section */
		2F10DAA8A18C69F6B871DB60 /* Pods_SacredPlace.framework */ = {isa = PBXFileReference; explicitFileType = wrapper.framework; includeInIndex = 0; path = Pods_SacredPlace.framework; sourceTree = BUILT_PRODUCTS_DIR; };
		9A2C8ED1104743B9E38718F9 /* Pods-SacredPlace.release.xcconfig */ = {isa = PBXFileReference; includeInIndex = 1; lastKnownFileType = text.xcconfig; name = "Pods-SacredPlace.release.xcconfig"; path = "Target Support Files/Pods-SacredPlace/Pods-SacredPlace.release.xcconfig"; sourceTree = "<group>"; };
		A4D135CA28A92B27EF3CEBBC /* Pods-SacredPlace.debug.xcconfig */ = {isa = PBXFileReference; includeInIndex = 1; lastKnownFileType = text.xcconfig; name = "Pods-SacredPlace.debug.xcconfig"; path = "Target Support Files/Pods-SacredPlace/Pods-SacredPlace.debug.xcconfig"; sourceTree = "<group>"; };
		C10E4EE22484DB4C00C10AE5 /* SpotsList.storyboard */ = {isa = PBXFileReference; lastKnownFileType = file.storyboard; path = SpotsList.storyboard; sourceTree = "<group>"; };
		C10E4EEA2484E47A00C10AE5 /* PostData.swift */ = {isa = PBXFileReference; lastKnownFileType = sourcecode.swift; path = PostData.swift; sourceTree = "<group>"; };
		C10E4EEC248519F400C10AE5 /* SpotsListTableViewCell.swift */ = {isa = PBXFileReference; lastKnownFileType = sourcecode.swift; path = SpotsListTableViewCell.swift; sourceTree = "<group>"; };
		C10E4EED248519F400C10AE5 /* SpotsListTableViewCell.xib */ = {isa = PBXFileReference; lastKnownFileType = file.xib; path = SpotsListTableViewCell.xib; sourceTree = "<group>"; };
		C112D3582480887F00EACCE0 /* NewSpots.storyboard */ = {isa = PBXFileReference; lastKnownFileType = file.storyboard; path = NewSpots.storyboard; sourceTree = "<group>"; };
		C112D35A2480902800EACCE0 /* Setting.storyboard */ = {isa = PBXFileReference; lastKnownFileType = file.storyboard; path = Setting.storyboard; sourceTree = "<group>"; };
		C112D35C24809A4C00EACCE0 /* SelectPhoto.storyboard */ = {isa = PBXFileReference; lastKnownFileType = file.storyboard; path = SelectPhoto.storyboard; sourceTree = "<group>"; };
		C112D35E24809A5A00EACCE0 /* SelectPhotoViewController.swift */ = {isa = PBXFileReference; lastKnownFileType = sourcecode.swift; path = SelectPhotoViewController.swift; sourceTree = "<group>"; };
		C112D3662480A62B00EACCE0 /* Const.swift */ = {isa = PBXFileReference; lastKnownFileType = sourcecode.swift; path = Const.swift; sourceTree = "<group>"; };
		C1626EF12486125200B1626E /* Photo.storyboard */ = {isa = PBXFileReference; lastKnownFileType = file.storyboard; path = Photo.storyboard; sourceTree = "<group>"; };
		C1626EF42486137900B1626E /* PhotoViewController.swift */ = {isa = PBXFileReference; lastKnownFileType = sourcecode.swift; path = PhotoViewController.swift; sourceTree = "<group>"; };
		C1641385247E49190080C54A /* SacredPlace.app */ = {isa = PBXFileReference; explicitFileType = wrapper.application; includeInIndex = 0; path = SacredPlace.app; sourceTree = BUILT_PRODUCTS_DIR; };
		C1641388247E49190080C54A /* AppDelegate.swift */ = {isa = PBXFileReference; lastKnownFileType = sourcecode.swift; path = AppDelegate.swift; sourceTree = "<group>"; };
		C164138A247E49190080C54A /* SceneDelegate.swift */ = {isa = PBXFileReference; lastKnownFileType = sourcecode.swift; path = SceneDelegate.swift; sourceTree = "<group>"; };
		C164138F247E49190080C54A /* Base */ = {isa = PBXFileReference; lastKnownFileType = file.storyboard; name = Base; path = Base.lproj/Main.storyboard; sourceTree = "<group>"; };
		C1641391247E491B0080C54A /* Assets.xcassets */ = {isa = PBXFileReference; lastKnownFileType = folder.assetcatalog; path = Assets.xcassets; sourceTree = "<group>"; };
		C1641394247E491B0080C54A /* Base */ = {isa = PBXFileReference; lastKnownFileType = file.storyboard; name = Base; path = Base.lproj/LaunchScreen.storyboard; sourceTree = "<group>"; };
		C1641396247E491B0080C54A /* Info.plist */ = {isa = PBXFileReference; lastKnownFileType = text.plist.xml; path = Info.plist; sourceTree = "<group>"; };
		C164139D247E611F0080C54A /* Home.storyboard */ = {isa = PBXFileReference; lastKnownFileType = file.storyboard; path = Home.storyboard; sourceTree = "<group>"; };
		C164139F247E612F0080C54A /* Camera.storyboard */ = {isa = PBXFileReference; lastKnownFileType = file.storyboard; path = Camera.storyboard; sourceTree = "<group>"; };
		C16413A1247E61BA0080C54A /* TabBarController.swift */ = {isa = PBXFileReference; lastKnownFileType = sourcecode.swift; path = TabBarController.swift; sourceTree = "<group>"; };
		C16413A3247E63970080C54A /* CameraViewController.swift */ = {isa = PBXFileReference; lastKnownFileType = sourcecode.swift; path = CameraViewController.swift; sourceTree = "<group>"; };
		C16413A5247E63A60080C54A /* HomeViewController.swift */ = {isa = PBXFileReference; lastKnownFileType = sourcecode.swift; path = HomeViewController.swift; sourceTree = "<group>"; };
		C16413A9247F3ADB0080C54A /* CreateAccountViewController.swift */ = {isa = PBXFileReference; lastKnownFileType = sourcecode.swift; path = CreateAccountViewController.swift; sourceTree = "<group>"; };
		C16413AB247F3AE10080C54A /* SettingViewController.swift */ = {isa = PBXFileReference; lastKnownFileType = sourcecode.swift; path = SettingViewController.swift; sourceTree = "<group>"; };
		C16413AD247F3AF00080C54A /* NewSpotsViewController.swift */ = {isa = PBXFileReference; lastKnownFileType = sourcecode.swift; path = NewSpotsViewController.swift; sourceTree = "<group>"; };
		C16413AF247F3B290080C54A /* SpotListsViewController.swift */ = {isa = PBXFileReference; lastKnownFileType = sourcecode.swift; path = SpotListsViewController.swift; sourceTree = "<group>"; };
		C16413B4247FA2D10080C54A /* GoogleService-Info.plist */ = {isa = PBXFileReference; fileEncoding = 4; lastKnownFileType = text.plist.xml; path = "GoogleService-Info.plist"; sourceTree = "<group>"; };
		C16413B6247FD2690080C54A /* Login.storyboard */ = {isa = PBXFileReference; lastKnownFileType = file.storyboard; path = Login.storyboard; sourceTree = "<group>"; };
		C16413B8247FD28A0080C54A /* CreateAccount.storyboard */ = {isa = PBXFileReference; lastKnownFileType = file.storyboard; path = CreateAccount.storyboard; sourceTree = "<group>"; };
		C16413BA248006850080C54A /* LoginViewController.swift */ = {isa = PBXFileReference; fileEncoding = 4; lastKnownFileType = sourcecode.swift; path = LoginViewController.swift; sourceTree = "<group>"; };
/* End PBXFileReference section */

/* Begin PBXFrameworksBuildPhase section */
		C1641382247E49190080C54A /* Frameworks */ = {
			isa = PBXFrameworksBuildPhase;
			buildActionMask = 2147483647;
			files = (
				697460BA7A9D9F9E631D4F28 /* Pods_SacredPlace.framework in Frameworks */,
			);
			runOnlyForDeploymentPostprocessing = 0;
		};
/* End PBXFrameworksBuildPhase section */

/* Begin PBXGroup section */
		0C62A182EEFD28EB92CDF8E3 /* Pods */ = {
			isa = PBXGroup;
			children = (
				A4D135CA28A92B27EF3CEBBC /* Pods-SacredPlace.debug.xcconfig */,
				9A2C8ED1104743B9E38718F9 /* Pods-SacredPlace.release.xcconfig */,
			);
			path = Pods;
			sourceTree = "<group>";
		};
		C112D3602480A34600EACCE0 /* NewSpotsRegistration */ = {
			isa = PBXGroup;
			children = (
				C16413AD247F3AF00080C54A /* NewSpotsViewController.swift */,
				C112D35E24809A5A00EACCE0 /* SelectPhotoViewController.swift */,
			);
			path = NewSpotsRegistration;
			sourceTree = "<group>";
		};
		C112D3612480A37D00EACCE0 /* Setting */ = {
			isa = PBXGroup;
			children = (
				C16413AB247F3AE10080C54A /* SettingViewController.swift */,
			);
			path = Setting;
			sourceTree = "<group>";
		};
		C112D3632480A39000EACCE0 /* Login */ = {
			isa = PBXGroup;
			children = (
				C16413BA248006850080C54A /* LoginViewController.swift */,
				C16413A9247F3ADB0080C54A /* CreateAccountViewController.swift */,
			);
			path = Login;
			sourceTree = "<group>";
		};
		C112D3642480A3B500EACCE0 /* SpotList */ = {
			isa = PBXGroup;
			children = (
				C16413AF247F3B290080C54A /* SpotListsViewController.swift */,
				C10E4EEC248519F400C10AE5 /* SpotsListTableViewCell.swift */,
				C10E4EED248519F400C10AE5 /* SpotsListTableViewCell.xib */,
			);
			path = SpotList;
			sourceTree = "<group>";
		};
		C112D3652480A3CE00EACCE0 /* AR */ = {
			isa = PBXGroup;
			children = (
				C16413A3247E63970080C54A /* CameraViewController.swift */,
			);
			path = AR;
			sourceTree = "<group>";
		};
		C164137C247E49190080C54A = {
			isa = PBXGroup;
			children = (
				C1641387247E49190080C54A /* SacredPlace */,
				C1641386247E49190080C54A /* Products */,
				0C62A182EEFD28EB92CDF8E3 /* Pods */,
				C97C6BB6250205E8B43D1F3F /* Frameworks */,
			);
			sourceTree = "<group>";
		};
		C1641386247E49190080C54A /* Products */ = {
			isa = PBXGroup;
			children = (
				C1641385247E49190080C54A /* SacredPlace.app */,
			);
			name = Products;
			sourceTree = "<group>";
		};
		C1641387247E49190080C54A /* SacredPlace */ = {
			isa = PBXGroup;
			children = (
				C1641388247E49190080C54A /* AppDelegate.swift */,
				C112D3662480A62B00EACCE0 /* Const.swift */,
				C10E4EEA2484E47A00C10AE5 /* PostData.swift */,
				C164138A247E49190080C54A /* SceneDelegate.swift */,
				C16413B3247F3B580080C54A /* ViewController */,
				C16413B1247F3B3B0080C54A /* TabBarController */,
				C164139C247E55CB0080C54A /* Storyboard */,
				C1641391247E491B0080C54A /* Assets.xcassets */,
				C1641396247E491B0080C54A /* Info.plist */,
				C16413B4247FA2D10080C54A /* GoogleService-Info.plist */,
			);
			path = SacredPlace;
			sourceTree = "<group>";
		};
		C164139C247E55CB0080C54A /* Storyboard */ = {
			isa = PBXGroup;
			children = (
				C164138E247E49190080C54A /* Main.storyboard */,
				C112D35C24809A4C00EACCE0 /* SelectPhoto.storyboard */,
				C10E4EE22484DB4C00C10AE5 /* SpotsList.storyboard */,
				C112D3582480887F00EACCE0 /* NewSpots.storyboard */,
				C164139F247E612F0080C54A /* Camera.storyboard */,
				C1626EF12486125200B1626E /* Photo.storyboard */,
				C16413B6247FD2690080C54A /* Login.storyboard */,
				C16413B8247FD28A0080C54A /* CreateAccount.storyboard */,
				C112D35A2480902800EACCE0 /* Setting.storyboard */,
				C164139D247E611F0080C54A /* Home.storyboard */,
				C1641393247E491B0080C54A /* LaunchScreen.storyboard */,
			);
			path = Storyboard;
			sourceTree = "<group>";
		};
		C16413B1247F3B3B0080C54A /* TabBarController */ = {
			isa = PBXGroup;
			children = (
				C16413A1247E61BA0080C54A /* TabBarController.swift */,
			);
			path = TabBarController;
			sourceTree = "<group>";
		};
		C16413B3247F3B580080C54A /* ViewController */ = {
			isa = PBXGroup;
			children = (
				C16413A5247E63A60080C54A /* HomeViewController.swift */,
				C112D3612480A37D00EACCE0 /* Setting */,
				C112D3632480A39000EACCE0 /* Login */,
				C112D3642480A3B500EACCE0 /* SpotList */,
				C112D3602480A34600EACCE0 /* NewSpotsRegistration */,
				C112D3652480A3CE00EACCE0 /* AR */,
				C1626EF42486137900B1626E /* PhotoViewController.swift */,
			);
			path = ViewController;
			sourceTree = "<group>";
		};
		C97C6BB6250205E8B43D1F3F /* Frameworks */ = {
			isa = PBXGroup;
			children = (
				2F10DAA8A18C69F6B871DB60 /* Pods_SacredPlace.framework */,
			);
			name = Frameworks;
			sourceTree = "<group>";
		};
/* End PBXGroup section */

/* Begin PBXNativeTarget section */
		C1641384247E49190080C54A /* SacredPlace */ = {
			isa = PBXNativeTarget;
			buildConfigurationList = C1641399247E491B0080C54A /* Build configuration list for PBXNativeTarget "SacredPlace" */;
			buildPhases = (
				4D262CD58AB6A8BF30A1152F /* [CP] Check Pods Manifest.lock */,
				C1641381247E49190080C54A /* Sources */,
				C1641382247E49190080C54A /* Frameworks */,
				C1641383247E49190080C54A /* Resources */,
				F2303E55C0E535326022D315 /* [CP] Embed Pods Frameworks */,
			);
			buildRules = (
			);
			dependencies = (
			);
			name = SacredPlace;
			productName = SacredPlace;
			productReference = C1641385247E49190080C54A /* SacredPlace.app */;
			productType = "com.apple.product-type.application";
		};
/* End PBXNativeTarget section */

/* Begin PBXProject section */
		C164137D247E49190080C54A /* Project object */ = {
			isa = PBXProject;
			attributes = {
				LastSwiftUpdateCheck = 1150;
				LastUpgradeCheck = 1150;
				ORGANIZATIONNAME = shoma.okamoto;
				TargetAttributes = {
					C1641384247E49190080C54A = {
						CreatedOnToolsVersion = 11.5;
					};
				};
			};
			buildConfigurationList = C1641380247E49190080C54A /* Build configuration list for PBXProject "SacredPlace" */;
			compatibilityVersion = "Xcode 9.3";
			developmentRegion = en;
			hasScannedForEncodings = 0;
			knownRegions = (
				en,
				Base,
			);
			mainGroup = C164137C247E49190080C54A;
			productRefGroup = C1641386247E49190080C54A /* Products */;
			projectDirPath = "";
			projectRoot = "";
			targets = (
				C1641384247E49190080C54A /* SacredPlace */,
			);
		};
/* End PBXProject section */

/* Begin PBXResourcesBuildPhase section */
		C1641383247E49190080C54A /* Resources */ = {
			isa = PBXResourcesBuildPhase;
			buildActionMask = 2147483647;
			files = (
				C16413B9247FD28A0080C54A /* CreateAccount.storyboard in Resources */,
				C1641395247E491B0080C54A /* LaunchScreen.storyboard in Resources */,
				C1641392247E491B0080C54A /* Assets.xcassets in Resources */,
				C112D3592480887F00EACCE0 /* NewSpots.storyboard in Resources */,
				C10E4EEF248519F400C10AE5 /* SpotsListTableViewCell.xib in Resources */,
				C16413B7247FD2690080C54A /* Login.storyboard in Resources */,
				C1641390247E49190080C54A /* Main.storyboard in Resources */,
				C1626EF22486125200B1626E /* Photo.storyboard in Resources */,
				C10E4EE32484DB4C00C10AE5 /* SpotsList.storyboard in Resources */,
				C164139E247E611F0080C54A /* Home.storyboard in Resources */,
				C112D35D24809A4C00EACCE0 /* SelectPhoto.storyboard in Resources */,
				C112D35B2480902800EACCE0 /* Setting.storyboard in Resources */,
				C16413A0247E612F0080C54A /* Camera.storyboard in Resources */,
				C16413B5247FA2D10080C54A /* GoogleService-Info.plist in Resources */,
			);
			runOnlyForDeploymentPostprocessing = 0;
		};
/* End PBXResourcesBuildPhase section */

/* Begin PBXShellScriptBuildPhase section */
		4D262CD58AB6A8BF30A1152F /* [CP] Check Pods Manifest.lock */ = {
			isa = PBXShellScriptBuildPhase;
			buildActionMask = 2147483647;
			files = (
			);
			inputFileListPaths = (
			);
			inputPaths = (
				"${PODS_PODFILE_DIR_PATH}/Podfile.lock",
				"${PODS_ROOT}/Manifest.lock",
			);
			name = "[CP] Check Pods Manifest.lock";
			outputFileListPaths = (
			);
			outputPaths = (
				"$(DERIVED_FILE_DIR)/Pods-SacredPlace-checkManifestLockResult.txt",
			);
			runOnlyForDeploymentPostprocessing = 0;
			shellPath = /bin/sh;
			shellScript = "diff \"${PODS_PODFILE_DIR_PATH}/Podfile.lock\" \"${PODS_ROOT}/Manifest.lock\" > /dev/null\nif [ $? != 0 ] ; then\n    # print error to STDERR\n    echo \"error: The sandbox is not in sync with the Podfile.lock. Run 'pod install' or update your CocoaPods installation.\" >&2\n    exit 1\nfi\n# This output is used by Xcode 'outputs' to avoid re-running this script phase.\necho \"SUCCESS\" > \"${SCRIPT_OUTPUT_FILE_0}\"\n";
			showEnvVarsInLog = 0;
		};
		F2303E55C0E535326022D315 /* [CP] Embed Pods Frameworks */ = {
			isa = PBXShellScriptBuildPhase;
			buildActionMask = 2147483647;
			files = (
			);
			inputFileListPaths = (
				"${PODS_ROOT}/Target Support Files/Pods-SacredPlace/Pods-SacredPlace-frameworks-${CONFIGURATION}-input-files.xcfilelist",
			);
			name = "[CP] Embed Pods Frameworks";
			outputFileListPaths = (
				"${PODS_ROOT}/Target Support Files/Pods-SacredPlace/Pods-SacredPlace-frameworks-${CONFIGURATION}-output-files.xcfilelist",
			);
			runOnlyForDeploymentPostprocessing = 0;
			shellPath = /bin/sh;
			shellScript = "\"${PODS_ROOT}/Target Support Files/Pods-SacredPlace/Pods-SacredPlace-frameworks.sh\"\n";
			showEnvVarsInLog = 0;
		};
/* End PBXShellScriptBuildPhase section */

/* Begin PBXSourcesBuildPhase section */
		C1641381247E49190080C54A /* Sources */ = {
			isa = PBXSourcesBuildPhase;
			buildActionMask = 2147483647;
			files = (
				C16413AA247F3ADB0080C54A /* CreateAccountViewController.swift in Sources */,
				C10E4EEE248519F400C10AE5 /* SpotsListTableViewCell.swift in Sources */,
				C16413A6247E63A60080C54A /* HomeViewController.swift in Sources */,
				C16413AE247F3AF00080C54A /* NewSpotsViewController.swift in Sources */,
				C16413AC247F3AE10080C54A /* SettingViewController.swift in Sources */,
				C16413A2247E61BA0080C54A /* TabBarController.swift in Sources */,
				C10E4EEB2484E47A00C10AE5 /* PostData.swift in Sources */,
				C112D3672480A62B00EACCE0 /* Const.swift in Sources */,
				C16413A4247E63970080C54A /* CameraViewController.swift in Sources */,
				C1641389247E49190080C54A /* AppDelegate.swift in Sources */,
				C16413B0247F3B290080C54A /* SpotListsViewController.swift in Sources */,
				C112D35F24809A5A00EACCE0 /* SelectPhotoViewController.swift in Sources */,
				C16413BB248006860080C54A /* LoginViewController.swift in Sources */,
				C164138B247E49190080C54A /* SceneDelegate.swift in Sources */,
				C1626EF52486137900B1626E /* PhotoViewController.swift in Sources */,
			);
			runOnlyForDeploymentPostprocessing = 0;
		};
/* End PBXSourcesBuildPhase section */

/* Begin PBXVariantGroup section */
		C164138E247E49190080C54A /* Main.storyboard */ = {
			isa = PBXVariantGroup;
			children = (
				C164138F247E49190080C54A /* Base */,
			);
			name = Main.storyboard;
			sourceTree = "<group>";
		};
		C1641393247E491B0080C54A /* LaunchScreen.storyboard */ = {
			isa = PBXVariantGroup;
			children = (
				C1641394247E491B0080C54A /* Base */,
			);
			name = LaunchScreen.storyboard;
			sourceTree = "<group>";
		};
/* End PBXVariantGroup section */

/* Begin XCBuildConfiguration section */
		C1641397247E491B0080C54A /* Debug */ = {
			isa = XCBuildConfiguration;
			buildSettings = {
				ALWAYS_SEARCH_USER_PATHS = NO;
				CLANG_ANALYZER_NONNULL = YES;
				CLANG_ANALYZER_NUMBER_OBJECT_CONVERSION = YES_AGGRESSIVE;
				CLANG_CXX_LANGUAGE_STANDARD = "gnu++14";
				CLANG_CXX_LIBRARY = "libc++";
				CLANG_ENABLE_MODULES = YES;
				CLANG_ENABLE_OBJC_ARC = YES;
				CLANG_ENABLE_OBJC_WEAK = YES;
				CLANG_WARN_BLOCK_CAPTURE_AUTORELEASING = YES;
				CLANG_WARN_BOOL_CONVERSION = YES;
				CLANG_WARN_COMMA = YES;
				CLANG_WARN_CONSTANT_CONVERSION = YES;
				CLANG_WARN_DEPRECATED_OBJC_IMPLEMENTATIONS = YES;
				CLANG_WARN_DIRECT_OBJC_ISA_USAGE = YES_ERROR;
				CLANG_WARN_DOCUMENTATION_COMMENTS = YES;
				CLANG_WARN_EMPTY_BODY = YES;
				CLANG_WARN_ENUM_CONVERSION = YES;
				CLANG_WARN_INFINITE_RECURSION = YES;
				CLANG_WARN_INT_CONVERSION = YES;
				CLANG_WARN_NON_LITERAL_NULL_CONVERSION = YES;
				CLANG_WARN_OBJC_IMPLICIT_RETAIN_SELF = YES;
				CLANG_WARN_OBJC_LITERAL_CONVERSION = YES;
				CLANG_WARN_OBJC_ROOT_CLASS = YES_ERROR;
				CLANG_WARN_RANGE_LOOP_ANALYSIS = YES;
				CLANG_WARN_STRICT_PROTOTYPES = YES;
				CLANG_WARN_SUSPICIOUS_MOVE = YES;
				CLANG_WARN_UNGUARDED_AVAILABILITY = YES_AGGRESSIVE;
				CLANG_WARN_UNREACHABLE_CODE = YES;
				CLANG_WARN__DUPLICATE_METHOD_MATCH = YES;
				COPY_PHASE_STRIP = NO;
				DEBUG_INFORMATION_FORMAT = dwarf;
				ENABLE_STRICT_OBJC_MSGSEND = YES;
				ENABLE_TESTABILITY = YES;
				GCC_C_LANGUAGE_STANDARD = gnu11;
				GCC_DYNAMIC_NO_PIC = NO;
				GCC_NO_COMMON_BLOCKS = YES;
				GCC_OPTIMIZATION_LEVEL = 0;
				GCC_PREPROCESSOR_DEFINITIONS = (
					"DEBUG=1",
					"$(inherited)",
				);
				GCC_WARN_64_TO_32_BIT_CONVERSION = YES;
				GCC_WARN_ABOUT_RETURN_TYPE = YES_ERROR;
				GCC_WARN_UNDECLARED_SELECTOR = YES;
				GCC_WARN_UNINITIALIZED_AUTOS = YES_AGGRESSIVE;
				GCC_WARN_UNUSED_FUNCTION = YES;
				GCC_WARN_UNUSED_VARIABLE = YES;
				IPHONEOS_DEPLOYMENT_TARGET = 13.5;
				MTL_ENABLE_DEBUG_INFO = INCLUDE_SOURCE;
				MTL_FAST_MATH = YES;
				ONLY_ACTIVE_ARCH = YES;
				SDKROOT = iphoneos;
				SWIFT_ACTIVE_COMPILATION_CONDITIONS = DEBUG;
				SWIFT_OPTIMIZATION_LEVEL = "-Onone";
			};
			name = Debug;
		};
		C1641398247E491B0080C54A /* Release */ = {
			isa = XCBuildConfiguration;
			buildSettings = {
				ALWAYS_SEARCH_USER_PATHS = NO;
				CLANG_ANALYZER_NONNULL = YES;
				CLANG_ANALYZER_NUMBER_OBJECT_CONVERSION = YES_AGGRESSIVE;
				CLANG_CXX_LANGUAGE_STANDARD = "gnu++14";
				CLANG_CXX_LIBRARY = "libc++";
				CLANG_ENABLE_MODULES = YES;
				CLANG_ENABLE_OBJC_ARC = YES;
				CLANG_ENABLE_OBJC_WEAK = YES;
				CLANG_WARN_BLOCK_CAPTURE_AUTORELEASING = YES;
				CLANG_WARN_BOOL_CONVERSION = YES;
				CLANG_WARN_COMMA = YES;
				CLANG_WARN_CONSTANT_CONVERSION = YES;
				CLANG_WARN_DEPRECATED_OBJC_IMPLEMENTATIONS = YES;
				CLANG_WARN_DIRECT_OBJC_ISA_USAGE = YES_ERROR;
				CLANG_WARN_DOCUMENTATION_COMMENTS = YES;
				CLANG_WARN_EMPTY_BODY = YES;
				CLANG_WARN_ENUM_CONVERSION = YES;
				CLANG_WARN_INFINITE_RECURSION = YES;
				CLANG_WARN_INT_CONVERSION = YES;
				CLANG_WARN_NON_LITERAL_NULL_CONVERSION = YES;
				CLANG_WARN_OBJC_IMPLICIT_RETAIN_SELF = YES;
				CLANG_WARN_OBJC_LITERAL_CONVERSION = YES;
				CLANG_WARN_OBJC_ROOT_CLASS = YES_ERROR;
				CLANG_WARN_RANGE_LOOP_ANALYSIS = YES;
				CLANG_WARN_STRICT_PROTOTYPES = YES;
				CLANG_WARN_SUSPICIOUS_MOVE = YES;
				CLANG_WARN_UNGUARDED_AVAILABILITY = YES_AGGRESSIVE;
				CLANG_WARN_UNREACHABLE_CODE = YES;
				CLANG_WARN__DUPLICATE_METHOD_MATCH = YES;
				COPY_PHASE_STRIP = NO;
				DEBUG_INFORMATION_FORMAT = "dwarf-with-dsym";
				ENABLE_NS_ASSERTIONS = NO;
				ENABLE_STRICT_OBJC_MSGSEND = YES;
				GCC_C_LANGUAGE_STANDARD = gnu11;
				GCC_NO_COMMON_BLOCKS = YES;
				GCC_WARN_64_TO_32_BIT_CONVERSION = YES;
				GCC_WARN_ABOUT_RETURN_TYPE = YES_ERROR;
				GCC_WARN_UNDECLARED_SELECTOR = YES;
				GCC_WARN_UNINITIALIZED_AUTOS = YES_AGGRESSIVE;
				GCC_WARN_UNUSED_FUNCTION = YES;
				GCC_WARN_UNUSED_VARIABLE = YES;
				IPHONEOS_DEPLOYMENT_TARGET = 13.5;
				MTL_ENABLE_DEBUG_INFO = NO;
				MTL_FAST_MATH = YES;
				SDKROOT = iphoneos;
				SWIFT_COMPILATION_MODE = wholemodule;
				SWIFT_OPTIMIZATION_LEVEL = "-O";
				VALIDATE_PRODUCT = YES;
			};
			name = Release;
		};
		C164139A247E491B0080C54A /* Debug */ = {
			isa = XCBuildConfiguration;
			baseConfigurationReference = A4D135CA28A92B27EF3CEBBC /* Pods-SacredPlace.debug.xcconfig */;
			buildSettings = {
				ASSETCATALOG_COMPILER_APPICON_NAME = AppIcon;
				CODE_SIGN_STYLE = Automatic;
				DEVELOPMENT_TEAM = XLM7K96PXP;
				INFOPLIST_FILE = SacredPlace/Info.plist;
				IPHONEOS_DEPLOYMENT_TARGET = 13.2;
				LD_RUNPATH_SEARCH_PATHS = (
					"$(inherited)",
					"@executable_path/Frameworks",
				);
				PRODUCT_BUNDLE_IDENTIFIER = jp.techacademy.shoma.okamoto.SacredPlace;
				PRODUCT_NAME = "$(TARGET_NAME)";
				SWIFT_VERSION = 5.0;
				TARGETED_DEVICE_FAMILY = 1;
			};
			name = Debug;
		};
		C164139B247E491B0080C54A /* Release */ = {
			isa = XCBuildConfiguration;
			baseConfigurationReference = 9A2C8ED1104743B9E38718F9 /* Pods-SacredPlace.release.xcconfig */;
			buildSettings = {
				ASSETCATALOG_COMPILER_APPICON_NAME = AppIcon;
				CODE_SIGN_STYLE = Automatic;
				DEVELOPMENT_TEAM = XLM7K96PXP;
				INFOPLIST_FILE = SacredPlace/Info.plist;
				IPHONEOS_DEPLOYMENT_TARGET = 13.2;
				LD_RUNPATH_SEARCH_PATHS = (
					"$(inherited)",
					"@executable_path/Frameworks",
				);
				PRODUCT_BUNDLE_IDENTIFIER = jp.techacademy.shoma.okamoto.SacredPlace;
				PRODUCT_NAME = "$(TARGET_NAME)";
				SWIFT_VERSION = 5.0;
				TARGETED_DEVICE_FAMILY = 1;
			};
			name = Release;
		};
/* End XCBuildConfiguration section */

/* Begin XCConfigurationList section */
		C1641380247E49190080C54A /* Build configuration list for PBXProject "SacredPlace" */ = {
			isa = XCConfigurationList;
			buildConfigurations = (
				C1641397247E491B0080C54A /* Debug */,
				C1641398247E491B0080C54A /* Release */,
			);
			defaultConfigurationIsVisible = 0;
			defaultConfigurationName = Release;
		};
		C1641399247E491B0080C54A /* Build configuration list for PBXNativeTarget "SacredPlace" */ = {
			isa = XCConfigurationList;
			buildConfigurations = (
				C164139A247E491B0080C54A /* Debug */,
				C164139B247E491B0080C54A /* Release */,
			);
			defaultConfigurationIsVisible = 0;
			defaultConfigurationName = Release;
		};
/* End XCConfigurationList section */
	};
	rootObject = C164137D247E49190080C54A /* Project object */;
}
